
Microsoft Visual Studio Solution File, Format Version 12.00
# Visual Studio Version 17
VisualStudioVersion = 17.5.33530.505
MinimumVisualStudioVersion = 10.0.40219.1
Project("{FAE04EC0-301F-11D3-BF4B-00C04F79EFBC}") = "WebForm_CRUD", "WebForm_CRUD.csproj", "{961FF27D-597B-4FF2-AF06-B049CA36B01D}"
EndProject
Global
	GlobalSection(SolutionConfigurationPlatforms) = preSolution
		Debug|Any CPU = Debug|Any CPU
		Release|Any CPU = Release|Any CPU
	EndGlobalSection
	GlobalSection(ProjectConfigurationPlatforms) = postSolution
		{961FF27D-597B-4FF2-AF06-B049CA36B01D}.Debug|Any CPU.ActiveCfg = Debug|Any CPU
		{961FF27D-597B-4FF2-AF06-B049CA36B01D}.Debug|Any CPU.Build.0 = Debug|Any CPU
		{961FF27D-597B-4FF2-AF06-B049CA36B01D}.Release|Any CPU.ActiveCfg = Release|Any CPU
		{961FF27D-597B-4FF2-AF06-B049CA36B01D}.Release|Any CPU.Build.0 = Release|Any CPU
	EndGlobalSection
	GlobalSection(SolutionProperties) = preSolution
		HideSolutionNode = FALSE
	EndGlobalSection
	GlobalSection(ExtensibilityGlobals) = postSolution
		SolutionGuid = {A7446948-17EB-4B2C-B9E5-8B8AEACAC6E4}
	EndGlobalSection
EndGlobal
